Microsoft Visual Studio Solution File, Format Version 11.00
# Visual Studio 2008

Project("{23509115-D1A0-CC09-2DC4-E8A7FA246D3B}") = "Secrete", "Assembly-CSharp.csproj", "{634104FF-CF70-9183-C655-87D8B6180F7A}"
EndProject
Global
	GlobalSection(SolutionConfigurationPlatforms) = preSolution
		Debug|Any CPU = Debug|Any CPU
		Release|Any CPU = Release|Any CPU
	EndGlobalSection
	GlobalSection(ProjectConfigurationPlatforms) = postSolution
		{634104FF-CF70-9183-C655-87D8B6180F7A}.Debug|Any CPU.ActiveCfg = Debug|Any CPU
		{634104FF-CF70-9183-C655-87D8B6180F7A}.Debug|Any CPU.Build.0 = Debug|Any CPU
		{634104FF-CF70-9183-C655-87D8B6180F7A}.Release|Any CPU.ActiveCfg = Release|Any CPU
		{634104FF-CF70-9183-C655-87D8B6180F7A}.Release|Any CPU.Build.0 = Release|Any CPU
	EndGlobalSection
	GlobalSection(SolutionProperties) = preSolution
		HideSolutionNode = FALSE
	EndGlobalSection
	GlobalSection(MonoDevelopProperties) = preSolution
		StartupItem = Assembly-CSharp.csproj
	EndGlobalSection
EndGlobal
